
Microsoft Visual Studio Solution File, Format Version 12.00
# Blend for Visual Studio 15
VisualStudioVersion = 15.0.27428.2027
MinimumVisualStudioVersion = 10.0.40219.1
Project("{FAE04EC0-301F-11D3-BF4B-00C04F79EFBC}") = "Circle_Gauge", "Circle_Gauge\Circle_Gauge.csproj", "{F298D124-A255-4F8E-B591-F978B25195D2}"
EndProject
Global
	GlobalSection(SolutionConfigurationPlatforms) = preSolution
		Debug|Any CPU = Debug|Any CPU
		Release|Any CPU = Release|Any CPU
	EndGlobalSection
	GlobalSection(ProjectConfigurationPlatforms) = postSolution
		{F298D124-A255-4F8E-B591-F978B25195D2}.Debug|Any CPU.ActiveCfg = Debug|Any CPU
		{F298D124-A255-4F8E-B591-F978B25195D2}.Debug|Any CPU.Build.0 = Debug|Any CPU
		{F298D124-A255-4F8E-B591-F978B25195D2}.Release|Any CPU.ActiveCfg = Release|Any CPU
		{F298D124-A255-4F8E-B591-F978B25195D2}.Release|Any CPU.Build.0 = Release|Any CPU
	EndGlobalSection
	GlobalSection(SolutionProperties) = preSolution
		HideSolutionNode = FALSE
	EndGlobalSection
	GlobalSection(ExtensibilityGlobals) = postSolution
		SolutionGuid = {CE9E73FB-DD76-4CCA-A1C9-63FBE6F5BDFE}
	EndGlobalSection
EndGlobal
